{
  "pins" : [
    {
      "identity" : "zpopuppresenter",
      "kind" : "remoteSourceControl",
      "location" : "https://github.com/Jnis/ZPopupPresenter.git",
      "state" : {
        "branch" : "main",
        "revision" : "0184afcf9d40cd71a082bc53b4d58258db1d3e73"
      }
    }
  ],
  "version" : 2
}
